
Microsoft Visual Studio Solution File, Format Version 12.00
# Visual Studio Version 16
VisualStudioVersion = 16.0.31410.357
MinimumVisualStudioVersion = 10.0.40219.1
Project("{FAE04EC0-301F-11D3-BF4B-00C04F79EFBC}") = "WinApp", "WinApp\WinApp.csproj", "{A8C96D07-D82B-4E7A-BBE4-7A152D6EFAB8}"
EndProject
Global
	GlobalSection(SolutionConfigurationPlatforms) = preSolution
		Debug|Any CPU = Debug|Any CPU
		Release|Any CPU = Release|Any CPU
	EndGlobalSection
	GlobalSection(ProjectConfigurationPlatforms) = postSolution
		{A8C96D07-D82B-4E7A-BBE4-7A152D6EFAB8}.Debug|Any CPU.ActiveCfg = Debug|Any CPU
		{A8C96D07-D82B-4E7A-BBE4-7A152D6EFAB8}.Debug|Any CPU.Build.0 = Debug|Any CPU
		{A8C96D07-D82B-4E7A-BBE4-7A152D6EFAB8}.Release|Any CPU.ActiveCfg = Release|Any CPU
		{A8C96D07-D82B-4E7A-BBE4-7A152D6EFAB8}.Release|Any CPU.Build.0 = Release|Any CPU
	EndGlobalSection
	GlobalSection(SolutionProperties) = preSolution
		HideSolutionNode = FALSE
	EndGlobalSection
	GlobalSection(ExtensibilityGlobals) = postSolution
		SolutionGuid = {E9066BD1-A15C-4800-959E-EF9D045E361A}
	EndGlobalSection
EndGlobal
